
Microsoft Visual Studio Solution File, Format Version 12.00
# Visual Studio Version 17
VisualStudioVersion = 17.3.32929.385
MinimumVisualStudioVersion = 10.0.40219.1
Project("{FAE04EC0-301F-11D3-BF4B-00C04F79EFBC}") = "numberguessinggame", "numberguessinggame.csproj", "{9F4C6A40-116B-49DD-98A5-8156EE9BB1C6}"
EndProject
Global
	GlobalSection(SolutionConfigurationPlatforms) = preSolution
		Debug|Any CPU = Debug|Any CPU
		Release|Any CPU = Release|Any CPU
	EndGlobalSection
	GlobalSection(ProjectConfigurationPlatforms) = postSolution
		{9F4C6A40-116B-49DD-98A5-8156EE9BB1C6}.Debug|Any CPU.ActiveCfg = Debug|Any CPU
		{9F4C6A40-116B-49DD-98A5-8156EE9BB1C6}.Debug|Any CPU.Build.0 = Debug|Any CPU
		{9F4C6A40-116B-49DD-98A5-8156EE9BB1C6}.Release|Any CPU.ActiveCfg = Release|Any CPU
		{9F4C6A40-116B-49DD-98A5-8156EE9BB1C6}.Release|Any CPU.Build.0 = Release|Any CPU
	EndGlobalSection
	GlobalSection(SolutionProperties) = preSolution
		HideSolutionNode = FALSE
	EndGlobalSection
	GlobalSection(ExtensibilityGlobals) = postSolution
		SolutionGuid = {6FE805DF-7948-4E39-A282-8629DC9FE61E}
	EndGlobalSection
EndGlobal
