
Microsoft Visual Studio Solution File, Format Version 12.00
# Visual Studio Version 17
VisualStudioVersion = 17.3.32929.385
MinimumVisualStudioVersion = 10.0.40219.1
Project("{FAE04EC0-301F-11D3-BF4B-00C04F79EFBC}") = "factorialcalc", "factorialcalc.csproj", "{5CBA304A-09F1-4DAB-80F4-3C22FB14F62C}"
EndProject
Global
	GlobalSection(SolutionConfigurationPlatforms) = preSolution
		Debug|Any CPU = Debug|Any CPU
		Release|Any CPU = Release|Any CPU
	EndGlobalSection
	GlobalSection(ProjectConfigurationPlatforms) = postSolution
		{5CBA304A-09F1-4DAB-80F4-3C22FB14F62C}.Debug|Any CPU.ActiveCfg = Debug|Any CPU
		{5CBA304A-09F1-4DAB-80F4-3C22FB14F62C}.Debug|Any CPU.Build.0 = Debug|Any CPU
		{5CBA304A-09F1-4DAB-80F4-3C22FB14F62C}.Release|Any CPU.ActiveCfg = Release|Any CPU
		{5CBA304A-09F1-4DAB-80F4-3C22FB14F62C}.Release|Any CPU.Build.0 = Release|Any CPU
	EndGlobalSection
	GlobalSection(SolutionProperties) = preSolution
		HideSolutionNode = FALSE
	EndGlobalSection
	GlobalSection(ExtensibilityGlobals) = postSolution
		SolutionGuid = {AF2996D0-4E1F-4A22-9AA5-62CBD2B3FC29}
	EndGlobalSection
EndGlobal
